
Microsoft Visual Studio Solution File, Format Version 12.00
# Visual Studio Version 16
VisualStudioVersion = 16.0.32126.315
MinimumVisualStudioVersion = 10.0.40219.1
Project("{FAE04EC0-301F-11D3-BF4B-00C04F79EFBC}") = "Invoice Free", "Invoice Free.csproj", "{060D3592-5DA2-4A6C-B0A8-615BA6D62F1A}"
EndProject
Global
	GlobalSection(SolutionConfigurationPlatforms) = preSolution
		Debug|arm64 = Debug|arm64
		Debug|x64 = Debug|x64
		Debug|x86 = Debug|x86
		Release|arm64 = Release|arm64
		Release|x64 = Release|x64
		Release|x86 = Release|x86
	EndGlobalSection
	GlobalSection(ProjectConfigurationPlatforms) = postSolution
		{060D3592-5DA2-4A6C-B0A8-615BA6D62F1A}.Debug|arm64.ActiveCfg = Debug|arm64
		{060D3592-5DA2-4A6C-B0A8-615BA6D62F1A}.Debug|arm64.Build.0 = Debug|arm64
		{060D3592-5DA2-4A6C-B0A8-615BA6D62F1A}.Debug|x64.ActiveCfg = Debug|x64
		{060D3592-5DA2-4A6C-B0A8-615BA6D62F1A}.Debug|x64.Build.0 = Debug|x64
		{060D3592-5DA2-4A6C-B0A8-615BA6D62F1A}.Debug|x86.ActiveCfg = Debug|x86
		{060D3592-5DA2-4A6C-B0A8-615BA6D62F1A}.Debug|x86.Build.0 = Debug|x86
		{060D3592-5DA2-4A6C-B0A8-615BA6D62F1A}.Release|arm64.ActiveCfg = Release|arm64
		{060D3592-5DA2-4A6C-B0A8-615BA6D62F1A}.Release|arm64.Build.0 = Release|arm64
		{060D3592-5DA2-4A6C-B0A8-615BA6D62F1A}.Release|x64.ActiveCfg = Release|x64
		{060D3592-5DA2-4A6C-B0A8-615BA6D62F1A}.Release|x64.Build.0 = Release|x64
		{060D3592-5DA2-4A6C-B0A8-615BA6D62F1A}.Release|x86.ActiveCfg = Release|x86
		{060D3592-5DA2-4A6C-B0A8-615BA6D62F1A}.Release|x86.Build.0 = Release|x86
	EndGlobalSection
	GlobalSection(SolutionProperties) = preSolution
		HideSolutionNode = FALSE
	EndGlobalSection
	GlobalSection(ExtensibilityGlobals) = postSolution
		SolutionGuid = {F00C2F39-BA01-4C80-B3BB-2D87CFFEA54C}
	EndGlobalSection
EndGlobal
